
Microsoft Visual Studio Solution File, Format Version 12.00
# Visual Studio 14
VisualStudioVersion = 14.0.25420.1
MinimumVisualStudioVersion = 10.0.40219.1
Project("{FAE04EC0-301F-11D3-BF4B-00C04F79EFBC}") = "Web", "Web\Web.csproj", "{BAD574D2-7C25-458F-A4C8-9EA9CEFA524F}"
EndProject
Project("{FAE04EC0-301F-11D3-BF4B-00C04F79EFBC}") = "DAL", "DAL\DAL.csproj", "{B5B87E04-9B75-4F7B-B1C3-BF223E566EDE}"
EndProject
Project("{FAE04EC0-301F-11D3-BF4B-00C04F79EFBC}") = "BLL", "BLL\BLL.csproj", "{11404092-8108-49AF-9D0B-8834A8340122}"
EndProject
Project("{FAE04EC0-301F-11D3-BF4B-00C04F79EFBC}") = "Model", "Model\Model.csproj", "{9A0C7B33-94E5-4E1E-BE39-42094BA19E5C}"
EndProject
Global
	GlobalSection(SolutionConfigurationPlatforms) = preSolution
		Debug|Any CPU = Debug|Any CPU
		Release|Any CPU = Release|Any CPU
	EndGlobalSection
	GlobalSection(ProjectConfigurationPlatforms) = postSolution
		{BAD574D2-7C25-458F-A4C8-9EA9CEFA524F}.Debug|Any CPU.ActiveCfg = Debug|Any CPU
		{BAD574D2-7C25-458F-A4C8-9EA9CEFA524F}.Debug|Any CPU.Build.0 = Debug|Any CPU
		{BAD574D2-7C25-458F-A4C8-9EA9CEFA524F}.Release|Any CPU.ActiveCfg = Release|Any CPU
		{BAD574D2-7C25-458F-A4C8-9EA9CEFA524F}.Release|Any CPU.Build.0 = Release|Any CPU
		{B5B87E04-9B75-4F7B-B1C3-BF223E566EDE}.Debug|Any CPU.ActiveCfg = Debug|Any CPU
		{B5B87E04-9B75-4F7B-B1C3-BF223E566EDE}.Debug|Any CPU.Build.0 = Debug|Any CPU
		{B5B87E04-9B75-4F7B-B1C3-BF223E566EDE}.Release|Any CPU.ActiveCfg = Release|Any CPU
		{B5B87E04-9B75-4F7B-B1C3-BF223E566EDE}.Release|Any CPU.Build.0 = Release|Any CPU
		{11404092-8108-49AF-9D0B-8834A8340122}.Debug|Any CPU.ActiveCfg = Debug|Any CPU
		{11404092-8108-49AF-9D0B-8834A8340122}.Debug|Any CPU.Build.0 = Debug|Any CPU
		{11404092-8108-49AF-9D0B-8834A8340122}.Release|Any CPU.ActiveCfg = Release|Any CPU
		{11404092-8108-49AF-9D0B-8834A8340122}.Release|Any CPU.Build.0 = Release|Any CPU
		{9A0C7B33-94E5-4E1E-BE39-42094BA19E5C}.Debug|Any CPU.ActiveCfg = Debug|Any CPU
		{9A0C7B33-94E5-4E1E-BE39-42094BA19E5C}.Debug|Any CPU.Build.0 = Debug|Any CPU
		{9A0C7B33-94E5-4E1E-BE39-42094BA19E5C}.Release|Any CPU.ActiveCfg = Release|Any CPU
		{9A0C7B33-94E5-4E1E-BE39-42094BA19E5C}.Release|Any CPU.Build.0 = Release|Any CPU
	EndGlobalSection
	GlobalSection(SolutionProperties) = preSolution
		HideSolutionNode = FALSE
	EndGlobalSection
EndGlobal
